
Microsoft Visual Studio Solution File, Format Version 12.00
# Visual Studio 15
VisualStudioVersion = 15.0.26124.0
MinimumVisualStudioVersion = 15.0.26124.0
Project("{FAE04EC0-301F-11D3-BF4B-00C04F79EFBC}") = "application", "application\application.csproj", "{6F4526FF-A378-42F1-B294-C96D2A44DB6D}"
EndProject
Project("{FAE04EC0-301F-11D3-BF4B-00C04F79EFBC}") = "domain", "domain\domain.csproj", "{99CBF478-2523-45B3-A201-3DCF59FD9696}"
EndProject
Project("{FAE04EC0-301F-11D3-BF4B-00C04F79EFBC}") = "grpcServer", "grpcServer\grpcServer.csproj", "{00F4B30C-7AB4-4CAC-89F8-44D65E3DA777}"
EndProject
Project("{FAE04EC0-301F-11D3-BF4B-00C04F79EFBC}") = "infrastructure", "infrastructure\infrastructure.csproj", "{C91D9510-79D4-4BD8-B9B5-A070BA3EE377}"
EndProject
Project("{FAE04EC0-301F-11D3-BF4B-00C04F79EFBC}") = "tests", "tests\tests.csproj", "{95FB8DFC-6384-44A6-9046-9DD8119A4BCF}"
EndProject
Project("{FAE04EC0-301F-11D3-BF4B-00C04F79EFBC}") = "webapi", "webapi\webapi.csproj", "{32BE9BBC-CAAD-47AE-AD1E-CFFC4909F2A5}"
EndProject
Project("{FAE04EC0-301F-11D3-BF4B-00C04F79EFBC}") = "clientConsole", "clientConsole\clientConsole.csproj", "{C58D358E-1AF4-4572-AF30-34D959A19D9B}"
EndProject
Global
	GlobalSection(SolutionConfigurationPlatforms) = preSolution
		Debug|Any CPU = Debug|Any CPU
		Debug|x64 = Debug|x64
		Debug|x86 = Debug|x86
		Release|Any CPU = Release|Any CPU
		Release|x64 = Release|x64
		Release|x86 = Release|x86
	EndGlobalSection
	GlobalSection(SolutionProperties) = preSolution
		HideSolutionNode = FALSE
	EndGlobalSection
	GlobalSection(ProjectConfigurationPlatforms) = postSolution
		{6F4526FF-A378-42F1-B294-C96D2A44DB6D}.Debug|Any CPU.ActiveCfg = Debug|Any CPU
		{6F4526FF-A378-42F1-B294-C96D2A44DB6D}.Debug|Any CPU.Build.0 = Debug|Any CPU
		{6F4526FF-A378-42F1-B294-C96D2A44DB6D}.Debug|x64.ActiveCfg = Debug|Any CPU
		{6F4526FF-A378-42F1-B294-C96D2A44DB6D}.Debug|x64.Build.0 = Debug|Any CPU
		{6F4526FF-A378-42F1-B294-C96D2A44DB6D}.Debug|x86.ActiveCfg = Debug|Any CPU
		{6F4526FF-A378-42F1-B294-C96D2A44DB6D}.Debug|x86.Build.0 = Debug|Any CPU
		{6F4526FF-A378-42F1-B294-C96D2A44DB6D}.Release|Any CPU.ActiveCfg = Release|Any CPU
		{6F4526FF-A378-42F1-B294-C96D2A44DB6D}.Release|Any CPU.Build.0 = Release|Any CPU
		{6F4526FF-A378-42F1-B294-C96D2A44DB6D}.Release|x64.ActiveCfg = Release|Any CPU
		{6F4526FF-A378-42F1-B294-C96D2A44DB6D}.Release|x64.Build.0 = Release|Any CPU
		{6F4526FF-A378-42F1-B294-C96D2A44DB6D}.Release|x86.ActiveCfg = Release|Any CPU
		{6F4526FF-A378-42F1-B294-C96D2A44DB6D}.Release|x86.Build.0 = Release|Any CPU
		{99CBF478-2523-45B3-A201-3DCF59FD9696}.Debug|Any CPU.ActiveCfg = Debug|Any CPU
		{99CBF478-2523-45B3-A201-3DCF59FD9696}.Debug|Any CPU.Build.0 = Debug|Any CPU
		{99CBF478-2523-45B3-A201-3DCF59FD9696}.Debug|x64.ActiveCfg = Debug|Any CPU
		{99CBF478-2523-45B3-A201-3DCF59FD9696}.Debug|x64.Build.0 = Debug|Any CPU
		{99CBF478-2523-45B3-A201-3DCF59FD9696}.Debug|x86.ActiveCfg = Debug|Any CPU
		{99CBF478-2523-45B3-A201-3DCF59FD9696}.Debug|x86.Build.0 = Debug|Any CPU
		{99CBF478-2523-45B3-A201-3DCF59FD9696}.Release|Any CPU.ActiveCfg = Release|Any CPU
		{99CBF478-2523-45B3-A201-3DCF59FD9696}.Release|Any CPU.Build.0 = Release|Any CPU
		{99CBF478-2523-45B3-A201-3DCF59FD9696}.Release|x64.ActiveCfg = Release|Any CPU
		{99CBF478-2523-45B3-A201-3DCF59FD9696}.Release|x64.Build.0 = Release|Any CPU
		{99CBF478-2523-45B3-A201-3DCF59FD9696}.Release|x86.ActiveCfg = Release|Any CPU
		{99CBF478-2523-45B3-A201-3DCF59FD9696}.Release|x86.Build.0 = Release|Any CPU
		{00F4B30C-7AB4-4CAC-89F8-44D65E3DA777}.Debug|Any CPU.ActiveCfg = Debug|Any CPU
		{00F4B30C-7AB4-4CAC-89F8-44D65E3DA777}.Debug|Any CPU.Build.0 = Debug|Any CPU
		{00F4B30C-7AB4-4CAC-89F8-44D65E3DA777}.Debug|x64.ActiveCfg = Debug|Any CPU
		{00F4B30C-7AB4-4CAC-89F8-44D65E3DA777}.Debug|x64.Build.0 = Debug|Any CPU
		{00F4B30C-7AB4-4CAC-89F8-44D65E3DA777}.Debug|x86.ActiveCfg = Debug|Any CPU
		{00F4B30C-7AB4-4CAC-89F8-44D65E3DA777}.Debug|x86.Build.0 = Debug|Any CPU
		{00F4B30C-7AB4-4CAC-89F8-44D65E3DA777}.Release|Any CPU.ActiveCfg = Release|Any CPU
		{00F4B30C-7AB4-4CAC-89F8-44D65E3DA777}.Release|Any CPU.Build.0 = Release|Any CPU
		{00F4B30C-7AB4-4CAC-89F8-44D65E3DA777}.Release|x64.ActiveCfg = Release|Any CPU
		{00F4B30C-7AB4-4CAC-89F8-44D65E3DA777}.Release|x64.Build.0 = Release|Any CPU
		{00F4B30C-7AB4-4CAC-89F8-44D65E3DA777}.Release|x86.ActiveCfg = Release|Any CPU
		{00F4B30C-7AB4-4CAC-89F8-44D65E3DA777}.Release|x86.Build.0 = Release|Any CPU
		{C91D9510-79D4-4BD8-B9B5-A070BA3EE377}.Debug|Any CPU.ActiveCfg = Debug|Any CPU
		{C91D9510-79D4-4BD8-B9B5-A070BA3EE377}.Debug|Any CPU.Build.0 = Debug|Any CPU
		{C91D9510-79D4-4BD8-B9B5-A070BA3EE377}.Debug|x64.ActiveCfg = Debug|Any CPU
		{C91D9510-79D4-4BD8-B9B5-A070BA3EE377}.Debug|x64.Build.0 = Debug|Any CPU
		{C91D9510-79D4-4BD8-B9B5-A070BA3EE377}.Debug|x86.ActiveCfg = Debug|Any CPU
		{C91D9510-79D4-4BD8-B9B5-A070BA3EE377}.Debug|x86.Build.0 = Debug|Any CPU
		{C91D9510-79D4-4BD8-B9B5-A070BA3EE377}.Release|Any CPU.ActiveCfg = Release|Any CPU
		{C91D9510-79D4-4BD8-B9B5-A070BA3EE377}.Release|Any CPU.Build.0 = Release|Any CPU
		{C91D9510-79D4-4BD8-B9B5-A070BA3EE377}.Release|x64.ActiveCfg = Release|Any CPU
		{C91D9510-79D4-4BD8-B9B5-A070BA3EE377}.Release|x64.Build.0 = Release|Any CPU
		{C91D9510-79D4-4BD8-B9B5-A070BA3EE377}.Release|x86.ActiveCfg = Release|Any CPU
		{C91D9510-79D4-4BD8-B9B5-A070BA3EE377}.Release|x86.Build.0 = Release|Any CPU
		{95FB8DFC-6384-44A6-9046-9DD8119A4BCF}.Debug|Any CPU.ActiveCfg = Debug|Any CPU
		{95FB8DFC-6384-44A6-9046-9DD8119A4BCF}.Debug|Any CPU.Build.0 = Debug|Any CPU
		{95FB8DFC-6384-44A6-9046-9DD8119A4BCF}.Debug|x64.ActiveCfg = Debug|Any CPU
		{95FB8DFC-6384-44A6-9046-9DD8119A4BCF}.Debug|x64.Build.0 = Debug|Any CPU
		{95FB8DFC-6384-44A6-9046-9DD8119A4BCF}.Debug|x86.ActiveCfg = Debug|Any CPU
		{95FB8DFC-6384-44A6-9046-9DD8119A4BCF}.Debug|x86.Build.0 = Debug|Any CPU
		{95FB8DFC-6384-44A6-9046-9DD8119A4BCF}.Release|Any CPU.ActiveCfg = Release|Any CPU
		{95FB8DFC-6384-44A6-9046-9DD8119A4BCF}.Release|Any CPU.Build.0 = Release|Any CPU
		{95FB8DFC-6384-44A6-9046-9DD8119A4BCF}.Release|x64.ActiveCfg = Release|Any CPU
		{95FB8DFC-6384-44A6-9046-9DD8119A4BCF}.Release|x64.Build.0 = Release|Any CPU
		{95FB8DFC-6384-44A6-9046-9DD8119A4BCF}.Release|x86.ActiveCfg = Release|Any CPU
		{95FB8DFC-6384-44A6-9046-9DD8119A4BCF}.Release|x86.Build.0 = Release|Any CPU
		{32BE9BBC-CAAD-47AE-AD1E-CFFC4909F2A5}.Debug|Any CPU.ActiveCfg = Debug|Any CPU
		{32BE9BBC-CAAD-47AE-AD1E-CFFC4909F2A5}.Debug|Any CPU.Build.0 = Debug|Any CPU
		{32BE9BBC-CAAD-47AE-AD1E-CFFC4909F2A5}.Debug|x64.ActiveCfg = Debug|Any CPU
		{32BE9BBC-CAAD-47AE-AD1E-CFFC4909F2A5}.Debug|x64.Build.0 = Debug|Any CPU
		{32BE9BBC-CAAD-47AE-AD1E-CFFC4909F2A5}.Debug|x86.ActiveCfg = Debug|Any CPU
		{32BE9BBC-CAAD-47AE-AD1E-CFFC4909F2A5}.Debug|x86.Build.0 = Debug|Any CPU
		{32BE9BBC-CAAD-47AE-AD1E-CFFC4909F2A5}.Release|Any CPU.ActiveCfg = Release|Any CPU
		{32BE9BBC-CAAD-47AE-AD1E-CFFC4909F2A5}.Release|Any CPU.Build.0 = Release|Any CPU
		{32BE9BBC-CAAD-47AE-AD1E-CFFC4909F2A5}.Release|x64.ActiveCfg = Release|Any CPU
		{32BE9BBC-CAAD-47AE-AD1E-CFFC4909F2A5}.Release|x64.Build.0 = Release|Any CPU
		{32BE9BBC-CAAD-47AE-AD1E-CFFC4909F2A5}.Release|x86.ActiveCfg = Release|Any CPU
		{32BE9BBC-CAAD-47AE-AD1E-CFFC4909F2A5}.Release|x86.Build.0 = Release|Any CPU
		{C58D358E-1AF4-4572-AF30-34D959A19D9B}.Debug|Any CPU.ActiveCfg = Debug|Any CPU
		{C58D358E-1AF4-4572-AF30-34D959A19D9B}.Debug|Any CPU.Build.0 = Debug|Any CPU
		{C58D358E-1AF4-4572-AF30-34D959A19D9B}.Debug|x64.ActiveCfg = Debug|Any CPU
		{C58D358E-1AF4-4572-AF30-34D959A19D9B}.Debug|x64.Build.0 = Debug|Any CPU
		{C58D358E-1AF4-4572-AF30-34D959A19D9B}.Debug|x86.ActiveCfg = Debug|Any CPU
		{C58D358E-1AF4-4572-AF30-34D959A19D9B}.Debug|x86.Build.0 = Debug|Any CPU
		{C58D358E-1AF4-4572-AF30-34D959A19D9B}.Release|Any CPU.ActiveCfg = Release|Any CPU
		{C58D358E-1AF4-4572-AF30-34D959A19D9B}.Release|Any CPU.Build.0 = Release|Any CPU
		{C58D358E-1AF4-4572-AF30-34D959A19D9B}.Release|x64.ActiveCfg = Release|Any CPU
		{C58D358E-1AF4-4572-AF30-34D959A19D9B}.Release|x64.Build.0 = Release|Any CPU
		{C58D358E-1AF4-4572-AF30-34D959A19D9B}.Release|x86.ActiveCfg = Release|Any CPU
		{C58D358E-1AF4-4572-AF30-34D959A19D9B}.Release|x86.Build.0 = Release|Any CPU
	EndGlobalSection
EndGlobal
